
Microsoft Visual Studio Solution File, Format Version 12.00
# Visual Studio 2012
Project("{8BC9CEB8-8B4A-11D0-8D11-00A0C91BC942}") = "Tutorial8", "Tutorial8.vcxproj", "{120CC7CE-89F2-40FD-AF41-3F990FB9F093}"
EndProject
Global
	GlobalSection(SolutionConfigurationPlatforms) = preSolution
		Debug|Win32 = Debug|Win32
		Release|Win32 = Release|Win32
	EndGlobalSection
	GlobalSection(ProjectConfigurationPlatforms) = postSolution
		{120CC7CE-89F2-40FD-AF41-3F990FB9F093}.Debug|Win32.ActiveCfg = Debug|Win32
		{120CC7CE-89F2-40FD-AF41-3F990FB9F093}.Debug|Win32.Build.0 = Debug|Win32
		{120CC7CE-89F2-40FD-AF41-3F990FB9F093}.Release|Win32.ActiveCfg = Release|Win32
		{120CC7CE-89F2-40FD-AF41-3F990FB9F093}.Release|Win32.Build.0 = Release|Win32
	EndGlobalSection
	GlobalSection(SolutionProperties) = preSolution
		HideSolutionNode = FALSE
	EndGlobalSection
EndGlobal
